
Microsoft Visual Studio Solution File, Format Version 12.00
# Visual Studio 15
VisualStudioVersion = 15.0.27428.2043
MinimumVisualStudioVersion = 10.0.40219.1
Project("{FAE04EC0-301F-11D3-BF4B-00C04F79EFBC}") = "DescendingOrder", "DescendingOrder\DescendingOrder.csproj", "{C28E1CD9-0DAD-482F-9336-9C413731DF86}"
EndProject
Global
	GlobalSection(SolutionConfigurationPlatforms) = preSolution
		Debug|Any CPU = Debug|Any CPU
		Release|Any CPU = Release|Any CPU
	EndGlobalSection
	GlobalSection(ProjectConfigurationPlatforms) = postSolution
		{C28E1CD9-0DAD-482F-9336-9C413731DF86}.Debug|Any CPU.ActiveCfg = Debug|Any CPU
		{C28E1CD9-0DAD-482F-9336-9C413731DF86}.Debug|Any CPU.Build.0 = Debug|Any CPU
		{C28E1CD9-0DAD-482F-9336-9C413731DF86}.Release|Any CPU.ActiveCfg = Release|Any CPU
		{C28E1CD9-0DAD-482F-9336-9C413731DF86}.Release|Any CPU.Build.0 = Release|Any CPU
	EndGlobalSection
	GlobalSection(SolutionProperties) = preSolution
		HideSolutionNode = FALSE
	EndGlobalSection
	GlobalSection(ExtensibilityGlobals) = postSolution
		SolutionGuid = {C0C5D806-C67F-4A50-B846-155CD738F489}
	EndGlobalSection
EndGlobal
